// !$*UTF8*$!
{
	archiveVersion = 1;
	classes = {
	};
	objectVersion = 77;
	objects = {

/* Begin PBXContainerItemProxy section */
		2BAFA0652E1FD00200AD2417 /* PBXContainerItemProxy */ = {
			isa = PBXContainerItemProxy;
			containerPortal = 2BAFA04F2E1FD00100AD2417 /* Project object */;
			proxyType = 1;
			remoteGlobalIDString = 2BAFA0562E1FD00100AD2417;
			remoteInfo = BookNotes;
		};
		2BAFA06F2E1FD00200AD2417 /* PBXContainerItemProxy */ = {
			isa = PBXContainerItemProxy;
			containerPortal = 2BAFA04F2E1FD00100AD2417 /* Project object */;
			proxyType = 1;
			remoteGlobalIDString = 2BAFA0562E1FD00100AD2417;
			remoteInfo = BookNotes;
		};
/* End PBXContainerItemProxy section */

/* Begin PBXFileReference section */
		2BAFA0572E1FD00100AD2417 /* BookNotes.app */ = {isa = PBXFileReference; explicitFileType = wrapper.application; includeInIndex = 0; path = BookNotes.app; sourceTree = BUILT_PRODUCTS_DIR; };
		2BAFA0642E1FD00200AD2417 /* BookNotesTests.xctest */ = {isa = PBXFileReference; explicitFileType = wrapper.cfbundle; includeInIndex = 0; path = BookNotesTests.xctest; sourceTree = BUILT_PRODUCTS_DIR; };
		2BAFA06E2E1FD00200AD2417 /* BookNotesUITests.xctest */ = {isa = PBXFileReference; explicitFileType = wrapper.cfbundle; includeInIndex = 0; path = BookNotesUITests.xctest; sourceTree = BUILT_PRODUCTS_DIR; };
/* End PBXFileReference section */

/* Begin PBXFileSystemSynchronizedRootGroup section */
		2BAFA0592E1FD00100AD2417 /* BookNotes */ = {
			isa = PBXFileSystemSynchronizedRootGroup;
			path = BookNotes;
			sourceTree = "<group>";
		};
		2BAFA0672E1FD00200AD2417 /* BookNotesTests */ = {
			isa = PBXFileSystemSynchronizedRootGroup;
			path = BookNotesTests;
			sourceTree = "<group>";
		};
		2BAFA0712E1FD00200AD2417 /* BookNotesUITests */ = {
			isa = PBXFileSystemSynchronizedRootGroup;
			path = BookNotesUITests;
			sourceTree = "<group>";
		};
/* End PBXFileSystemSynchronizedRootGroup section */

/* Begin PBXFrameworksBuildPhase section */
		2BAFA0542E1FD00100AD2417 /* Frameworks */ = {
			isa = PBXFrameworksBuildPhase;
			buildActionMask = 2147483647;
			files = (
			);
			runOnlyForDeploymentPostprocessing = 0;
		};
		2BAFA0612E1FD00200AD2417 /* Frameworks */ = {
			isa = PBXFrameworksBuildPhase;
			buildActionMask = 2147483647;
			files = (
			);
			runOnlyForDeploymentPostprocessing = 0;
		};
		2BAFA06B2E1FD00200AD2417 /* Frameworks */ = {
			isa = PBXFrameworksBuildPhase;
			buildActionMask = 2147483647;
			files = (
			);
			runOnlyForDeploymentPostprocessing = 0;
		};
/* End PBXFrameworksBuildPhase section */

/* Begin PBXGroup section */
		2BAFA04E2E1FD00100AD2417 = {
			isa = PBXGroup;
			children = (
				2BAFA0592E1FD00100AD2417 /* BookNotes */,
				2BAFA0672E1FD00200AD2417 /* BookNotesTests */,
				2BAFA0712E1FD00200AD2417 /* BookNotesUITests */,
				2BAFA0582E1FD00100AD2417 /* Products */,
			);
			sourceTree = "<group>";
		};
		2BAFA0582E1FD00100AD2417 /* Products */ = {
			isa = PBXGroup;
			children = (
				2BAFA0572E1FD00100AD2417 /* BookNotes.app */,
				2BAFA0642E1FD00200AD2417 /* BookNotesTests.xctest */,
				2BAFA06E2E1FD00200AD2417 /* BookNotesUITests.xctest */,
			);
			name = Products;
			sourceTree = "<group>";
		};
/* End PBXGroup section */

/* Begin PBXNativeTarget section */
		2BAFA0562E1FD00100AD2417 /* BookNotes */ = {
			isa = PBXNativeTarget;
			buildConfigurationList = 2BAFA0782E1FD00200AD2417 /* Build configuration list for PBXNativeTarget "BookNotes" */;
			buildPhases = (
				2BAFA0532E1FD00100AD2417 /* Sources */,
				2BAFA0542E1FD00100AD2417 /* Frameworks */,
				2BAFA0552E1FD00100AD2417 /* Resources */,
			);
			buildRules = (
			);
			dependencies = (
			);
			fileSystemSynchronizedGroups = (
				2BAFA0592E1FD00100AD2417 /* BookNotes */,
			);
			name = BookNotes;
			packageProductDependencies = (
			);
			productName = BookNotes;
			productReference = 2BAFA0572E1FD00100AD2417 /* BookNotes.app */;
			productType = "com.apple.product-type.application";
		};
		2BAFA0632E1FD00200AD2417 /* BookNotesTests */ = {
			isa = PBXNativeTarget;
			buildConfigurationList = 2BAFA07B2E1FD00200AD2417 /* Build configuration list for PBXNativeTarget "BookNotesTests" */;
			buildPhases = (
				2BAFA0602E1FD00200AD2417 /* Sources */,
				2BAFA0612E1FD00200AD2417 /* Frameworks */,
				2BAFA0622E1FD00200AD2417 /* Resources */,
			);
			buildRules = (
			);
			dependencies = (
				2BAFA0662E1FD00200AD2417 /* PBXTargetDependency */,
			);
			fileSystemSynchronizedGroups = (
				2BAFA0672E1FD00200AD2417 /* BookNotesTests */,
			);
			name = BookNotesTests;
			packageProductDependencies = (
			);
			productName = BookNotesTests;
			productReference = 2BAFA0642E1FD00200AD2417 /* BookNotesTests.xctest */;
			productType = "com.apple.product-type.bundle.unit-test";
		};
		2BAFA06D2E1FD00200AD2417 /* BookNotesUITests */ = {
			isa = PBXNativeTarget;
			buildConfigurationList = 2BAFA07E2E1FD00200AD2417 /* Build configuration list for PBXNativeTarget "BookNotesUITests" */;
			buildPhases = (
				2BAFA06A2E1FD00200AD2417 /* Sources */,
				2BAFA06B2E1FD00200AD2417 /* Frameworks */,
				2BAFA06C2E1FD00200AD2417 /* Resources */,
			);
			buildRules = (
			);
			dependencies = (
				2BAFA0702E1FD00200AD2417 /* PBXTargetDependency */,
			);
			fileSystemSynchronizedGroups = (
				2BAFA0712E1FD00200AD2417 /* BookNotesUITests */,
			);
			name = BookNotesUITests;
			packageProductDependencies = (
			);
			productName = BookNotesUITests;
			productReference = 2BAFA06E2E1FD00200AD2417 /* BookNotesUITests.xctest */;
			productType = "com.apple.product-type.bundle.ui-testing";
		};
/* End PBXNativeTarget section */

/* Begin PBXProject section */
		2BAFA04F2E1FD00100AD2417 /* Project object */ = {
			isa = PBXProject;
			attributes = {
				BuildIndependentTargetsInParallel = 1;
				LastSwiftUpdateCheck = 1640;
				LastUpgradeCheck = 1640;
				TargetAttributes = {
					2BAFA0562E1FD00100AD2417 = {
						CreatedOnToolsVersion = 16.4;
					};
					2BAFA0632E1FD00200AD2417 = {
						CreatedOnToolsVersion = 16.4;
						TestTargetID = 2BAFA0562E1FD00100AD2417;
					};
					2BAFA06D2E1FD00200AD2417 = {
						CreatedOnToolsVersion = 16.4;
						TestTargetID = 2BAFA0562E1FD00100AD2417;
					};
				};
			};
			buildConfigurationList = 2BAFA0522E1FD00100AD2417 /* Build configuration list for PBXProject "BookNotes" */;
			developmentRegion = en;
			hasScannedForEncodings = 0;
			knownRegions = (
				en,
				Base,
			);
			mainGroup = 2BAFA04E2E1FD00100AD2417;
			minimizedProjectReferenceProxies = 1;
			preferredProjectObjectVersion = 77;
			productRefGroup = 2BAFA0582E1FD00100AD2417 /* Products */;
			projectDirPath = "";
			projectRoot = "";
			targets = (
				2BAFA0562E1FD00100AD2417 /* BookNotes */,
				2BAFA0632E1FD00200AD2417 /* BookNotesTests */,
				2BAFA06D2E1FD00200AD2417 /* BookNotesUITests */,
			);
		};
/* End PBXProject section */

/* Begin PBXResourcesBuildPhase section */
		2BAFA0552E1FD00100AD2417 /* Resources */ = {
			isa = PBXResourcesBuildPhase;
			buildActionMask = 2147483647;
			files = (
			);
			runOnlyForDeploymentPostprocessing = 0;
		};
		2BAFA0622E1FD00200AD2417 /* Resources */ = {
			isa = PBXResourcesBuildPhase;
			buildActionMask = 2147483647;
			files = (
			);
			runOnlyForDeploymentPostprocessing = 0;
		};
		2BAFA06C2E1FD00200AD2417 /* Resources */ = {
			isa = PBXResourcesBuildPhase;
			buildActionMask = 2147483647;
			files = (
			);
			runOnlyForDeploymentPostprocessing = 0;
		};
/* End PBXResourcesBuildPhase section */

/* Begin PBXSourcesBuildPhase section */
		2BAFA0532E1FD00100AD2417 /* Sources */ = {
			isa = PBXSourcesBuildPhase;
			buildActionMask = 2147483647;
			files = (
			);
			runOnlyForDeploymentPostprocessing = 0;
		};
		2BAFA0602E1FD00200AD2417 /* Sources */ = {
			isa = PBXSourcesBuildPhase;
			buildActionMask = 2147483647;
			files = (
			);
			runOnlyForDeploymentPostprocessing = 0;
		};
		2BAFA06A2E1FD00200AD2417 /* Sources */ = {
			isa = PBXSourcesBuildPhase;
			buildActionMask = 2147483647;
			files = (
			);
			runOnlyForDeploymentPostprocessing = 0;
		};
/* End PBXSourcesBuildPhase section */

/* Begin PBXTargetDependency section */
		2BAFA0662E1FD00200AD2417 /* PBXTargetDependency */ = {
			isa = PBXTargetDependency;
			target = 2BAFA0562E1FD00100AD2417 /* BookNotes */;
			targetProxy = 2BAFA0652E1FD00200AD2417 /* PBXContainerItemProxy */;
		};
		2BAFA0702E1FD00200AD2417 /* PBXTargetDependency */ = {
			isa = PBXTargetDependency;
			target = 2BAFA0562E1FD00100AD2417 /* BookNotes */;
			targetProxy = 2BAFA06F2E1FD00200AD2417 /* PBXContainerItemProxy */;
		};
/* End PBXTargetDependency section */

/* Begin XCBuildConfiguration section */
		2BAFA0762E1FD00200AD2417 /* Debug */ = {
			isa = XCBuildConfiguration;
			buildSettings = {
				ALWAYS_SEARCH_USER_PATHS = NO;
				ASSETCATALOG_COMPILER_GENERATE_SWIFT_ASSET_SYMBOL_EXTENSIONS = YES;
				CLANG_ANALYZER_NONNULL = YES;
				CLANG_ANALYZER_NUMBER_OBJECT_CONVERSION = YES_AGGRESSIVE;
				CLANG_CXX_LANGUAGE_STANDARD = "gnu++20";
				CLANG_ENABLE_MODULES = YES;
				CLANG_ENABLE_OBJC_ARC = YES;
				CLANG_ENABLE_OBJC_WEAK = YES;
				CLANG_WARN_BLOCK_CAPTURE_AUTORELEASING = YES;
				CLANG_WARN_BOOL_CONVERSION = YES;
				CLANG_WARN_COMMA = YES;
				CLANG_WARN_CONSTANT_CONVERSION = YES;
				CLANG_WARN_DEPRECATED_OBJC_IMPLEMENTATIONS = YES;
				CLANG_WARN_DIRECT_OBJC_ISA_USAGE = YES_ERROR;
				CLANG_WARN_DOCUMENTATION_COMMENTS = YES;
				CLANG_WARN_EMPTY_BODY = YES;
				CLANG_WARN_ENUM_CONVERSION = YES;
				CLANG_WARN_INFINITE_RECURSION = YES;
				CLANG_WARN_INT_CONVERSION = YES;
				CLANG_WARN_NON_LITERAL_NULL_CONVERSION = YES;
				CLANG_WARN_OBJC_IMPLICIT_RETAIN_SELF = YES;
				CLANG_WARN_OBJC_LITERAL_CONVERSION = YES;
				CLANG_WARN_OBJC_ROOT_CLASS = YES_ERROR;
				CLANG_WARN_QUOTED_INCLUDE_IN_FRAMEWORK_HEADER = YES;
				CLANG_WARN_RANGE_LOOP_ANALYSIS = YES;
				CLANG_WARN_STRICT_PROTOTYPES = YES;
				CLANG_WARN_SUSPICIOUS_MOVE = YES;
				CLANG_WARN_UNGUARDED_AVAILABILITY = YES_AGGRESSIVE;
				CLANG_WARN_UNREACHABLE_CODE = YES;
				CLANG_WARN__DUPLICATE_METHOD_MATCH = YES;
				COPY_PHASE_STRIP = NO;
				DEBUG_INFORMATION_FORMAT = dwarf;
				ENABLE_STRICT_OBJC_MSGSEND = YES;
				ENABLE_TESTABILITY = YES;
				ENABLE_USER_SCRIPT_SANDBOXING = YES;
				GCC_C_LANGUAGE_STANDARD = gnu17;
				GCC_DYNAMIC_NO_PIC = NO;
				GCC_NO_COMMON_BLOCKS = YES;
				GCC_OPTIMIZATION_LEVEL = 0;
				GCC_PREPROCESSOR_DEFINITIONS = (
					"DEBUG=1",
					"$(inherited)",
				);
				GCC_WARN_64_TO_32_BIT_CONVERSION = YES;
				GCC_WARN_ABOUT_RETURN_TYPE = YES_ERROR;
				GCC_WARN_UNDECLARED_SELECTOR = YES;
				GCC_WARN_UNINITIALIZED_AUTOS = YES_AGGRESSIVE;
				GCC_WARN_UNUSED_FUNCTION = YES;
				GCC_WARN_UNUSED_VARIABLE = YES;
				IPHONEOS_DEPLOYMENT_TARGET = 18.5;
				LOCALIZATION_PREFERS_STRING_CATALOGS = YES;
				MTL_ENABLE_DEBUG_INFO = INCLUDE_SOURCE;
				MTL_FAST_MATH = YES;
				ONLY_ACTIVE_ARCH = YES;
				SDKROOT = iphoneos;
				SWIFT_ACTIVE_COMPILATION_CONDITIONS = "DEBUG $(inherited)";
				SWIFT_OPTIMIZATION_LEVEL = "-Onone";
			};
			name = Debug;
		};
		2BAFA0772E1FD00200AD2417 /* Release */ = {
			isa = XCBuildConfiguration;
			buildSettings = {
				ALWAYS_SEARCH_USER_PATHS = NO;
				ASSETCATALOG_COMPILER_GENERATE_SWIFT_ASSET_SYMBOL_EXTENSIONS = YES;
				CLANG_ANALYZER_NONNULL = YES;
				CLANG_ANALYZER_NUMBER_OBJECT_CONVERSION = YES_AGGRESSIVE;
				CLANG_CXX_LANGUAGE_STANDARD = "gnu++20";
				CLANG_ENABLE_MODULES = YES;
				CLANG_ENABLE_OBJC_ARC = YES;
				CLANG_ENABLE_OBJC_WEAK = YES;
				CLANG_WARN_BLOCK_CAPTURE_AUTORELEASING = YES;
				CLANG_WARN_BOOL_CONVERSION = YES;
				CLANG_WARN_COMMA = YES;
				CLANG_WARN_CONSTANT_CONVERSION = YES;
				CLANG_WARN_DEPRECATED_OBJC_IMPLEMENTATIONS = YES;
				CLANG_WARN_DIRECT_OBJC_ISA_USAGE = YES_ERROR;
				CLANG_WARN_DOCUMENTATION_COMMENTS = YES;
				CLANG_WARN_EMPTY_BODY = YES;
				CLANG_WARN_ENUM_CONVERSION = YES;
				CLANG_WARN_INFINITE_RECURSION = YES;
				CLANG_WARN_INT_CONVERSION = YES;
				CLANG_WARN_NON_LITERAL_NULL_CONVERSION = YES;
				CLANG_WARN_OBJC_IMPLICIT_RETAIN_SELF = YES;
				CLANG_WARN_OBJC_LITERAL_CONVERSION = YES;
				CLANG_WARN_OBJC_ROOT_CLASS = YES_ERROR;
				CLANG_WARN_QUOTED_INCLUDE_IN_FRAMEWORK_HEADER = YES;
				CLANG_WARN_RANGE_LOOP_ANALYSIS = YES;
				CLANG_WARN_STRICT_PROTOTYPES = YES;
				CLANG_WARN_SUSPICIOUS_MOVE = YES;
				CLANG_WARN_UNGUARDED_AVAILABILITY = YES_AGGRESSIVE;
				CLANG_WARN_UNREACHABLE_CODE = YES;
				CLANG_WARN__DUPLICATE_METHOD_MATCH = YES;
				COPY_PHASE_STRIP = NO;
				DEBUG_INFORMATION_FORMAT = "dwarf-with-dsym";
				ENABLE_NS_ASSERTIONS = NO;
				ENABLE_STRICT_OBJC_MSGSEND = YES;
				ENABLE_USER_SCRIPT_SANDBOXING = YES;
				GCC_C_LANGUAGE_STANDARD = gnu17;
				GCC_NO_COMMON_BLOCKS = YES;
				GCC_WARN_64_TO_32_BIT_CONVERSION = YES;
				GCC_WARN_ABOUT_RETURN_TYPE = YES_ERROR;
				GCC_WARN_UNDECLARED_SELECTOR = YES;
				GCC_WARN_UNINITIALIZED_AUTOS = YES_AGGRESSIVE;
				GCC_WARN_UNUSED_FUNCTION = YES;
				GCC_WARN_UNUSED_VARIABLE = YES;
				IPHONEOS_DEPLOYMENT_TARGET = 18.5;
				LOCALIZATION_PREFERS_STRING_CATALOGS = YES;
				MTL_ENABLE_DEBUG_INFO = NO;
				MTL_FAST_MATH = YES;
				SDKROOT = iphoneos;
				SWIFT_COMPILATION_MODE = wholemodule;
				VALIDATE_PRODUCT = YES;
			};
			name = Release;
		};
		2BAFA0792E1FD00200AD2417 /* Debug */ = {
			isa = XCBuildConfiguration;
			buildSettings = {
				ASSETCATALOG_COMPILER_APPICON_NAME = AppIcon;
				ASSETCATALOG_COMPILER_GLOBAL_ACCENT_COLOR_NAME = AccentColor;
				CODE_SIGN_STYLE = Automatic;
				CURRENT_PROJECT_VERSION = 1;
				ENABLE_PREVIEWS = YES;
				GENERATE_INFOPLIST_FILE = YES;
				INFOPLIST_KEY_UIApplicationSceneManifest_Generation = YES;
				INFOPLIST_KEY_UIApplicationSupportsIndirectInputEvents = YES;
				INFOPLIST_KEY_UILaunchScreen_Generation = YES;
				INFOPLIST_KEY_UISupportedInterfaceOrientations_iPad = "UIInterfaceOrientationPortrait UIInterfaceOrientationPortraitUpsideDown UIInterfaceOrientationLandscapeLeft UIInterfaceOrientationLandscapeRight";
				INFOPLIST_KEY_UISupportedInterfaceOrientations_iPhone = "UIInterfaceOrientationPortrait UIInterfaceOrientationLandscapeLeft UIInterfaceOrientationLandscapeRight";
				LD_RUNPATH_SEARCH_PATHS = (
					"$(inherited)",
					"@executable_path/Frameworks",
				);
				MARKETING_VERSION = 1.0;
				PRODUCT_BUNDLE_IDENTIFIER = Bytedance.Test.learning.BookNotes;
				PRODUCT_NAME = "$(TARGET_NAME)";
				SWIFT_EMIT_LOC_STRINGS = YES;
				SWIFT_VERSION = 5.0;
				TARGETED_DEVICE_FAMILY = "1,2";
			};
			name = Debug;
		};
		2BAFA07A2E1FD00200AD2417 /* Release */ = {
			isa = XCBuildConfiguration;
			buildSettings = {
				ASSETCATALOG_COMPILER_APPICON_NAME = AppIcon;
				ASSETCATALOG_COMPILER_GLOBAL_ACCENT_COLOR_NAME = AccentColor;
				CODE_SIGN_STYLE = Automatic;
				CURRENT_PROJECT_VERSION = 1;
				ENABLE_PREVIEWS = YES;
				GENERATE_INFOPLIST_FILE = YES;
				INFOPLIST_KEY_UIApplicationSceneManifest_Generation = YES;
				INFOPLIST_KEY_UIApplicationSupportsIndirectInputEvents = YES;
				INFOPLIST_KEY_UILaunchScreen_Generation = YES;
				INFOPLIST_KEY_UISupportedInterfaceOrientations_iPad = "UIInterfaceOrientationPortrait UIInterfaceOrientationPortraitUpsideDown UIInterfaceOrientationLandscapeLeft UIInterfaceOrientationLandscapeRight";
				INFOPLIST_KEY_UISupportedInterfaceOrientations_iPhone = "UIInterfaceOrientationPortrait UIInterfaceOrientationLandscapeLeft UIInterfaceOrientationLandscapeRight";
				LD_RUNPATH_SEARCH_PATHS = (
					"$(inherited)",
					"@executable_path/Frameworks",
				);
				MARKETING_VERSION = 1.0;
				PRODUCT_BUNDLE_IDENTIFIER = Bytedance.Test.learning.BookNotes;
				PRODUCT_NAME = "$(TARGET_NAME)";
				SWIFT_EMIT_LOC_STRINGS = YES;
				SWIFT_VERSION = 5.0;
				TARGETED_DEVICE_FAMILY = "1,2";
			};
			name = Release;
		};
		2BAFA07C2E1FD00200AD2417 /* Debug */ = {
			isa = XCBuildConfiguration;
			buildSettings = {
				BUNDLE_LOADER = "$(TEST_HOST)";
				CODE_SIGN_STYLE = Automatic;
				CURRENT_PROJECT_VERSION = 1;
				GENERATE_INFOPLIST_FILE = YES;
				IPHONEOS_DEPLOYMENT_TARGET = 18.5;
				MARKETING_VERSION = 1.0;
				PRODUCT_BUNDLE_IDENTIFIER = Bytedance.Test.learning.BookNotesTests;
				PRODUCT_NAME = "$(TARGET_NAME)";
				SWIFT_EMIT_LOC_STRINGS = NO;
				SWIFT_VERSION = 5.0;
				TARGETED_DEVICE_FAMILY = "1,2";
				TEST_HOST = "$(BUILT_PRODUCTS_DIR)/BookNotes.app/$(BUNDLE_EXECUTABLE_FOLDER_PATH)/BookNotes";
			};
			name = Debug;
		};
		2BAFA07D2E1FD00200AD2417 /* Release */ = {
			isa = XCBuildConfiguration;
			buildSettings = {
				BUNDLE_LOADER = "$(TEST_HOST)";
				CODE_SIGN_STYLE = Automatic;
				CURRENT_PROJECT_VERSION = 1;
				GENERATE_INFOPLIST_FILE = YES;
				IPHONEOS_DEPLOYMENT_TARGET = 18.5;
				MARKETING_VERSION = 1.0;
				PRODUCT_BUNDLE_IDENTIFIER = Bytedance.Test.learning.BookNotesTests;
				PRODUCT_NAME = "$(TARGET_NAME)";
				SWIFT_EMIT_LOC_STRINGS = NO;
				SWIFT_VERSION = 5.0;
				TARGETED_DEVICE_FAMILY = "1,2";
				TEST_HOST = "$(BUILT_PRODUCTS_DIR)/BookNotes.app/$(BUNDLE_EXECUTABLE_FOLDER_PATH)/BookNotes";
			};
			name = Release;
		};
		2BAFA07F2E1FD00200AD2417 /* Debug */ = {
			isa = XCBuildConfiguration;
			buildSettings = {
				CODE_SIGN_STYLE = Automatic;
				CURRENT_PROJECT_VERSION = 1;
				GENERATE_INFOPLIST_FILE = YES;
				MARKETING_VERSION = 1.0;
				PRODUCT_BUNDLE_IDENTIFIER = Bytedance.Test.learning.BookNotesUITests;
				PRODUCT_NAME = "$(TARGET_NAME)";
				SWIFT_EMIT_LOC_STRINGS = NO;
				SWIFT_VERSION = 5.0;
				TARGETED_DEVICE_FAMILY = "1,2";
				TEST_TARGET_NAME = BookNotes;
			};
			name = Debug;
		};
		2BAFA0802E1FD00200AD2417 /* Release */ = {
			isa = XCBuildConfiguration;
			buildSettings = {
				CODE_SIGN_STYLE = Automatic;
				CURRENT_PROJECT_VERSION = 1;
				GENERATE_INFOPLIST_FILE = YES;
				MARKETING_VERSION = 1.0;
				PRODUCT_BUNDLE_IDENTIFIER = Bytedance.Test.learning.BookNotesUITests;
				PRODUCT_NAME = "$(TARGET_NAME)";
				SWIFT_EMIT_LOC_STRINGS = NO;
				SWIFT_VERSION = 5.0;
				TARGETED_DEVICE_FAMILY = "1,2";
				TEST_TARGET_NAME = BookNotes;
			};
			name = Release;
		};
/* End XCBuildConfiguration section */

/* Begin XCConfigurationList section */
		2BAFA0522E1FD00100AD2417 /* Build configuration list for PBXProject "BookNotes" */ = {
			isa = XCConfigurationList;
			buildConfigurations = (
				2BAFA0762E1FD00200AD2417 /* Debug */,
				2BAFA0772E1FD00200AD2417 /* Release */,
			);
			defaultConfigurationIsVisible = 0;
			defaultConfigurationName = Release;
		};
		2BAFA0782E1FD00200AD2417 /* Build configuration list for PBXNativeTarget "BookNotes" */ = {
			isa = XCConfigurationList;
			buildConfigurations = (
				2BAFA0792E1FD00200AD2417 /* Debug */,
				2BAFA07A2E1FD00200AD2417 /* Release */,
			);
			defaultConfigurationIsVisible = 0;
			defaultConfigurationName = Release;
		};
		2BAFA07B2E1FD00200AD2417 /* Build configuration list for PBXNativeTarget "BookNotesTests" */ = {
			isa = XCConfigurationList;
			buildConfigurations = (
				2BAFA07C2E1FD00200AD2417 /* Debug */,
				2BAFA07D2E1FD00200AD2417 /* Release */,
			);
			defaultConfigurationIsVisible = 0;
			defaultConfigurationName = Release;
		};
		2BAFA07E2E1FD00200AD2417 /* Build configuration list for PBXNativeTarget "BookNotesUITests" */ = {
			isa = XCConfigurationList;
			buildConfigurations = (
				2BAFA07F2E1FD00200AD2417 /* Debug */,
				2BAFA0802E1FD00200AD2417 /* Release */,
			);
			defaultConfigurationIsVisible = 0;
			defaultConfigurationName = Release;
		};
/* End XCConfigurationList section */
	};
	rootObject = 2BAFA04F2E1FD00100AD2417 /* Project object */;
}
